Microsoft Visual Studio Solution File, Format Version 12.00
# Visual Studio Version 17
VisualStudioVersion = 17.3.32929.385
MinimumVisualStudioVersion = 10.0.40219.1
Project("{2150E333-8FDC-42A3-9474-1A3956D46DE8}") = "WebClient", "WebClient", "{88F6230F-7211-4786-88C6-3C221DB37666}"
EndProject
Project("{2150E333-8FDC-42A3-9474-1A3956D46DE8}") = "UI", "UI", "{AC34D8E3-A32F-40BD-BF7C-8BC2408D5800}"
EndProject
Project("{2150E333-8FDC-42A3-9474-1A3956D46DE8}") = "Components", "Components", "{2325699B-E407-479F-A5C4-3DF87F4B36F4}"
EndProject
Project("{9A19103F-16F7-4668-BE54-9A1E7A4F7556}") = "Siffrum.Web.Payroll.API", "UI\Siffrum.Web.Payroll.API\Siffrum.Web.Payroll.API.csproj", "{9360A9CA-118A-4CED-BC62-E84423ED4581}"
EndProject
Project("{2150E333-8FDC-42A3-9474-1A3956D46DE8}") = "Tests", "Tests", "{F2257E7F-7F16-493C-A795-8F894BCF24FD}"
EndProject
Project("{9A19103F-16F7-4668-BE54-9A1E7A4F7556}") = "Siffrum.Web.Payroll.Client.Tests", "WebClient\Siffrum.Web.Payroll.Client.Tests\Siffrum.Web.Payroll.Client.Tests.csproj", "{9EB38099-62DB-4F69-ADF7-FFC38809C937}"
EndProject
Project("{9A19103F-16F7-4668-BE54-9A1E7A4F7556}") = "Siffrum.Web.Payroll.DAL", "Components\Siffrum.Web.Payroll.DAL\Siffrum.Web.Payroll.DAL.csproj", "{6768303A-6B42-428B-A18F-A27AD7CEDEF6}"
EndProject
Project("{9A19103F-16F7-4668-BE54-9A1E7A4F7556}") = "Siffrum.Web.Payroll.BAL", "Components\Siffrum.Web.Payroll.BAL\Siffrum.Web.Payroll.BAL.csproj", "{C6FF18A3-A24D-4511-A8D2-ED732918D483}"
EndProject
Project("{9A19103F-16F7-4668-BE54-9A1E7A4F7556}") = "Siffrum.Web.Payroll.BAL.Tests", "Tests\Siffrum.Web.Payroll.BAL.Tests\Siffrum.Web.Payroll.BAL.Tests.csproj", "{F4B236A9-BD09-414C-AC22-972648474B61}"
EndProject
Project("{9A19103F-16F7-4668-BE54-9A1E7A4F7556}") = "Siffrum.Web.Payroll.Client", "WebClient\Siffrum.Web.Payroll.Client\Siffrum.Web.Payroll.Client.csproj", "{02B20466-AE36-49FE-A227-AD77E78CE75A}"
EndProject
Project("{9A19103F-16F7-4668-BE54-9A1E7A4F7556}") = "Siffrum.Web.Payroll.DAL.Tests", "Tests\Siffrum.Web.Payroll.DAL.Tests\Siffrum.Web.Payroll.DAL.Tests.csproj", "{1CABFBA5-829F-40E4-8B4B-04DF5A9CC32E}"
EndProject
Project("{9A19103F-16F7-4668-BE54-9A1E7A4F7556}") = "Siffrum.Web.Payroll.Config", "Components\Siffrum.Web.Payroll.Config\Siffrum.Web.Payroll.Config.csproj", "{07C28EA2-08E4-4BDC-8F70-B51FEF389957}"
EndProject
Project("{9A19103F-16F7-4668-BE54-9A1E7A4F7556}") = "Siffrum.Web.Payroll.ServiceModels", "Components\Siffrum.Web.Payroll.ServiceModels\Siffrum.Web.Payroll.ServiceModels.csproj", "{70AD9751-5FA8-4950-96A7-696D7781EBBE}"
EndProject
Project("{9A19103F-16F7-4668-BE54-9A1E7A4F7556}") = "Siffrum.Web.Payroll.DomainModels", "Components\Siffrum.Web.Payroll.DomainModels\Siffrum.Web.Payroll.DomainModels.csproj", "{29D46864-6B1C-41EB-B2D6-DC2BDAAB02BB}"
EndProject
Global
	GlobalSection(SolutionConfigurationPlatforms) = preSolution
		Debug|Any CPU = Debug|Any CPU
		Dev|Any CPU = Dev|Any CPU
		Release|Any CPU = Release|Any CPU
	EndGlobalSection
	GlobalSection(ProjectConfigurationPlatforms) = postSolution
		{9360A9CA-118A-4CED-BC62-E84423ED4581}.Debug|Any CPU.ActiveCfg = Debug|Any CPU
		{9360A9CA-118A-4CED-BC62-E84423ED4581}.Debug|Any CPU.Build.0 = Debug|Any CPU
		{9360A9CA-118A-4CED-BC62-E84423ED4581}.Dev|Any CPU.ActiveCfg = Debug|Any CPU
		{9360A9CA-118A-4CED-BC62-E84423ED4581}.Dev|Any CPU.Build.0 = Debug|Any CPU
		{9360A9CA-118A-4CED-BC62-E84423ED4581}.Release|Any CPU.ActiveCfg = Release|Any CPU
		{9360A9CA-118A-4CED-BC62-E84423ED4581}.Release|Any CPU.Build.0 = Release|Any CPU
		{9EB38099-62DB-4F69-ADF7-FFC38809C937}.Debug|Any CPU.ActiveCfg = Debug|Any CPU
		{9EB38099-62DB-4F69-ADF7-FFC38809C937}.Debug|Any CPU.Build.0 = Debug|Any CPU
		{9EB38099-62DB-4F69-ADF7-FFC38809C937}.Dev|Any CPU.ActiveCfg = Debug|Any CPU
		{9EB38099-62DB-4F69-ADF7-FFC38809C937}.Dev|Any CPU.Build.0 = Debug|Any CPU
		{9EB38099-62DB-4F69-ADF7-FFC38809C937}.Release|Any CPU.ActiveCfg = Release|Any CPU
		{9EB38099-62DB-4F69-ADF7-FFC38809C937}.Release|Any CPU.Build.0 = Release|Any CPU
		{6768303A-6B42-428B-A18F-A27AD7CEDEF6}.Debug|Any CPU.ActiveCfg = Debug|Any CPU
		{6768303A-6B42-428B-A18F-A27AD7CEDEF6}.Debug|Any CPU.Build.0 = Debug|Any CPU
		{6768303A-6B42-428B-A18F-A27AD7CEDEF6}.Dev|Any CPU.ActiveCfg = Debug|Any CPU
		{6768303A-6B42-428B-A18F-A27AD7CEDEF6}.Dev|Any CPU.Build.0 = Debug|Any CPU
		{6768303A-6B42-428B-A18F-A27AD7CEDEF6}.Release|Any CPU.ActiveCfg = Release|Any CPU
		{6768303A-6B42-428B-A18F-A27AD7CEDEF6}.Release|Any CPU.Build.0 = Release|Any CPU
		{C6FF18A3-A24D-4511-A8D2-ED732918D483}.Debug|Any CPU.ActiveCfg = Debug|Any CPU
		{C6FF18A3-A24D-4511-A8D2-ED732918D483}.Debug|Any CPU.Build.0 = Debug|Any CPU
		{C6FF18A3-A24D-4511-A8D2-ED732918D483}.Dev|Any CPU.ActiveCfg = Debug|Any CPU
		{C6FF18A3-A24D-4511-A8D2-ED732918D483}.Dev|Any CPU.Build.0 = Debug|Any CPU
		{C6FF18A3-A24D-4511-A8D2-ED732918D483}.Release|Any CPU.ActiveCfg = Release|Any CPU
		{C6FF18A3-A24D-4511-A8D2-ED732918D483}.Release|Any CPU.Build.0 = Release|Any CPU
		{F4B236A9-BD09-414C-AC22-972648474B61}.Debug|Any CPU.ActiveCfg = Debug|Any CPU
		{F4B236A9-BD09-414C-AC22-972648474B61}.Debug|Any CPU.Build.0 = Debug|Any CPU
		{F4B236A9-BD09-414C-AC22-972648474B61}.Dev|Any CPU.ActiveCfg = Debug|Any CPU
		{F4B236A9-BD09-414C-AC22-972648474B61}.Dev|Any CPU.Build.0 = Debug|Any CPU
		{F4B236A9-BD09-414C-AC22-972648474B61}.Release|Any CPU.ActiveCfg = Release|Any CPU
		{F4B236A9-BD09-414C-AC22-972648474B61}.Release|Any CPU.Build.0 = Release|Any CPU
		{02B20466-AE36-49FE-A227-AD77E78CE75A}.Debug|Any CPU.ActiveCfg = Debug|Any CPU
		{02B20466-AE36-49FE-A227-AD77E78CE75A}.Debug|Any CPU.Build.0 = Debug|Any CPU
		{02B20466-AE36-49FE-A227-AD77E78CE75A}.Dev|Any CPU.ActiveCfg = Dev|Any CPU
		{02B20466-AE36-49FE-A227-AD77E78CE75A}.Dev|Any CPU.Build.0 = Dev|Any CPU
		{02B20466-AE36-49FE-A227-AD77E78CE75A}.Release|Any CPU.ActiveCfg = Release|Any CPU
		{02B20466-AE36-49FE-A227-AD77E78CE75A}.Release|Any CPU.Build.0 = Release|Any CPU
		{1CABFBA5-829F-40E4-8B4B-04DF5A9CC32E}.Debug|Any CPU.ActiveCfg = Debug|Any CPU
		{1CABFBA5-829F-40E4-8B4B-04DF5A9CC32E}.Debug|Any CPU.Build.0 = Debug|Any CPU
		{1CABFBA5-829F-40E4-8B4B-04DF5A9CC32E}.Dev|Any CPU.ActiveCfg = Debug|Any CPU
		{1CABFBA5-829F-40E4-8B4B-04DF5A9CC32E}.Dev|Any CPU.Build.0 = Debug|Any CPU
		{1CABFBA5-829F-40E4-8B4B-04DF5A9CC32E}.Release|Any CPU.ActiveCfg = Release|Any CPU
		{1CABFBA5-829F-40E4-8B4B-04DF5A9CC32E}.Release|Any CPU.Build.0 = Release|Any CPU
		{07C28EA2-08E4-4BDC-8F70-B51FEF389957}.Debug|Any CPU.ActiveCfg = Debug|Any CPU
		{07C28EA2-08E4-4BDC-8F70-B51FEF389957}.Debug|Any CPU.Build.0 = Debug|Any CPU
		{07C28EA2-08E4-4BDC-8F70-B51FEF389957}.Dev|Any CPU.ActiveCfg = Debug|Any CPU
		{07C28EA2-08E4-4BDC-8F70-B51FEF389957}.Dev|Any CPU.Build.0 = Debug|Any CPU
		{07C28EA2-08E4-4BDC-8F70-B51FEF389957}.Release|Any CPU.ActiveCfg = Release|Any CPU
		{07C28EA2-08E4-4BDC-8F70-B51FEF389957}.Release|Any CPU.Build.0 = Release|Any CPU
		{70AD9751-5FA8-4950-96A7-696D7781EBBE}.Debug|Any CPU.ActiveCfg = Debug|Any CPU
		{70AD9751-5FA8-4950-96A7-696D7781EBBE}.Debug|Any CPU.Build.0 = Debug|Any CPU
		{70AD9751-5FA8-4950-96A7-696D7781EBBE}.Dev|Any CPU.ActiveCfg = Dev|Any CPU
		{70AD9751-5FA8-4950-96A7-696D7781EBBE}.Dev|Any CPU.Build.0 = Dev|Any CPU
		{70AD9751-5FA8-4950-96A7-696D7781EBBE}.Release|Any CPU.ActiveCfg = Release|Any CPU
		{70AD9751-5FA8-4950-96A7-696D7781EBBE}.Release|Any CPU.Build.0 = Release|Any CPU
		{29D46864-6B1C-41EB-B2D6-DC2BDAAB02BB}.Debug|Any CPU.ActiveCfg = Debug|Any CPU
		{29D46864-6B1C-41EB-B2D6-DC2BDAAB02BB}.Debug|Any CPU.Build.0 = Debug|Any CPU
		{29D46864-6B1C-41EB-B2D6-DC2BDAAB02BB}.Dev|Any CPU.ActiveCfg = Debug|Any CPU
		{29D46864-6B1C-41EB-B2D6-DC2BDAAB02BB}.Dev|Any CPU.Build.0 = Debug|Any CPU
		{29D46864-6B1C-41EB-B2D6-DC2BDAAB02BB}.Release|Any CPU.ActiveCfg = Release|Any CPU
		{29D46864-6B1C-41EB-B2D6-DC2BDAAB02BB}.Release|Any CPU.Build.0 = Release|Any CPU
	EndGlobalSection
	GlobalSection(SolutionProperties) = preSolution
		HideSolutionNode = FALSE
	EndGlobalSection
	GlobalSection(NestedProjects) = preSolution
		{9360A9CA-118A-4CED-BC62-E84423ED4581} = {AC34D8E3-A32F-40BD-BF7C-8BC2408D5800}
		{9EB38099-62DB-4F69-ADF7-FFC38809C937} = {88F6230F-7211-4786-88C6-3C221DB37666}
		{6768303A-6B42-428B-A18F-A27AD7CEDEF6} = {2325699B-E407-479F-A5C4-3DF87F4B36F4}
		{C6FF18A3-A24D-4511-A8D2-ED732918D483} = {2325699B-E407-479F-A5C4-3DF87F4B36F4}
		{F4B236A9-BD09-414C-AC22-972648474B61} = {F2257E7F-7F16-493C-A795-8F894BCF24FD}
		{02B20466-AE36-49FE-A227-AD77E78CE75A} = {88F6230F-7211-4786-88C6-3C221DB37666}
		{1CABFBA5-829F-40E4-8B4B-04DF5A9CC32E} = {F2257E7F-7F16-493C-A795-8F894BCF24FD}
		{07C28EA2-08E4-4BDC-8F70-B51FEF389957} = {2325699B-E407-479F-A5C4-3DF87F4B36F4}
		{70AD9751-5FA8-4950-96A7-696D7781EBBE} = {2325699B-E407-479F-A5C4-3DF87F4B36F4}
		{29D46864-6B1C-41EB-B2D6-DC2BDAAB02BB} = {2325699B-E407-479F-A5C4-3DF87F4B36F4}
	EndGlobalSection
	GlobalSection(ExtensibilityGlobals) = postSolution
		SolutionGuid = {9AA3C519-2DF4-4484-8C5B-CD57375E74B4}
	EndGlobalSection
EndGlobal
